
Microsoft Visual Studio Solution File, Format Version 12.00
# Visual Studio Version 17
VisualStudioVersion = 17.4.33213.308
MinimumVisualStudioVersion = 10.0.40219.1
Project("{8BC9CEB8-8B4A-11D0-8D11-00A0C91BC942}") = "LGTV Companion UI", "LGTV Companion UI\LGTV Companion UI.vcxproj", "{D44C1E2C-666D-4193-8D7D-C0663A4DF277}"
EndProject
Project("{8BC9CEB8-8B4A-11D0-8D11-00A0C91BC942}") = "LGTV Companion Service", "LGTV Companion Service\LGTV Companion Service.vcxproj", "{FD236504-E0D5-44BF-A119-41634EABD159}"
EndProject
Project("{930C7802-8A8C-48F9-8165-68863BCCD9DD}") = "LGTV Companion Setup", "LGTV Companion Setup\LGTV Companion Setup.wixproj", "{415E4596-6599-42BC-9C2F-7ADAE529354C}"
	ProjectSection(ProjectDependencies) = postProject
		{5611232A-E1D4-42F8-B182-F7BD8ACF1D82} = {5611232A-E1D4-42F8-B182-F7BD8ACF1D82}
	EndProjectSection
EndProject
Project("{8BC9CEB8-8B4A-11D0-8D11-00A0C91BC942}") = "LGTV Companion Daemon", "LGTV Companion User\LGTV Companion User.vcxproj", "{5611232A-E1D4-42F8-B182-F7BD8ACF1D82}"
EndProject
Global
	GlobalSection(SolutionConfigurationPlatforms) = preSolution
		Debug|x64 = Debug|x64
		Release|x64 = Release|x64
	EndGlobalSection
	GlobalSection(ProjectConfigurationPlatforms) = postSolution
		{D44C1E2C-666D-4193-8D7D-C0663A4DF277}.Debug|x64.ActiveCfg = Debug|x64
		{D44C1E2C-666D-4193-8D7D-C0663A4DF277}.Debug|x64.Build.0 = Debug|x64
		{D44C1E2C-666D-4193-8D7D-C0663A4DF277}.Release|x64.ActiveCfg = Release|x64
		{D44C1E2C-666D-4193-8D7D-C0663A4DF277}.Release|x64.Build.0 = Release|x64
		{FD236504-E0D5-44BF-A119-41634EABD159}.Debug|x64.ActiveCfg = Debug|x64
		{FD236504-E0D5-44BF-A119-41634EABD159}.Debug|x64.Build.0 = Debug|x64
		{FD236504-E0D5-44BF-A119-41634EABD159}.Release|x64.ActiveCfg = Release|x64
		{FD236504-E0D5-44BF-A119-41634EABD159}.Release|x64.Build.0 = Release|x64
		{415E4596-6599-42BC-9C2F-7ADAE529354C}.Debug|x64.ActiveCfg = Debug|x86
		{415E4596-6599-42BC-9C2F-7ADAE529354C}.Debug|x64.Build.0 = Debug|x86
		{415E4596-6599-42BC-9C2F-7ADAE529354C}.Release|x64.ActiveCfg = Release|x86
		{415E4596-6599-42BC-9C2F-7ADAE529354C}.Release|x64.Build.0 = Release|x86
		{5611232A-E1D4-42F8-B182-F7BD8ACF1D82}.Debug|x64.ActiveCfg = Debug|x64
		{5611232A-E1D4-42F8-B182-F7BD8ACF1D82}.Debug|x64.Build.0 = Debug|x64
		{5611232A-E1D4-42F8-B182-F7BD8ACF1D82}.Release|x64.ActiveCfg = Release|x64
		{5611232A-E1D4-42F8-B182-F7BD8ACF1D82}.Release|x64.Build.0 = Release|x64
	EndGlobalSection
	GlobalSection(SolutionProperties) = preSolution
		HideSolutionNode = FALSE
	EndGlobalSection
	GlobalSection(ExtensibilityGlobals) = postSolution
		SolutionGuid = {9DE59FE4-BB6C-4348-AA7B-B6D24BE37FCF}
	EndGlobalSection
EndGlobal
